lockfileVersion: '9.0'

settings:
  autoInstallPeers: true
  excludeLinksFromLockfile: false

importers:

  .:
    dependencies:
      '@anthropic-ai/sdk':
        specifier: ^0.73.0
        version: 0.73.0
      dotenv:
        specifier: ^17.2.4
        version: 17.2.4

packages:

  '@anthropic-ai/sdk@0.73.0':
    resolution: {integrity: sha512-URURVzhxXGJDGUGFunIOtBlSl7KWvZiAAKY/ttTkZAkXT9bTPqdk2eK0b8qqSxXpikh3QKPnPYpiyX98zf5ebw==}
    hasBin: true
    peerDependencies:
      zod: ^3.25.0 || ^4.0.0
    peerDependenciesMeta:
      zod:
        optional: true

  '@babel/runtime@7.28.6':
    resolution: {integrity: sha512-05WQkdpL9COIMz4LjTxGpPNCdlpyimKppYNoJ5Di5EUObifl8t4tuLuUBBZEpoLYOmfvIWrsp9fCl0HoPRVTdA==}
    engines: {node: '>=6.9.0'}

  dotenv@17.2.4:
    resolution: {integrity: sha512-mudtfb4zRB4bVvdj0xRo+e6duH1csJRM8IukBqfTRvHotn9+LBXB8ynAidP9zHqoRC/fsllXgk4kCKlR21fIhw==}
    engines: {node: '>=12'}

  json-schema-to-ts@3.1.1:
    resolution: {integrity: sha512-+DWg8jCJG2TEnpy7kOm/7/AxaYoaRbjVB4LFZLySZlWn8exGs3A4OLJR966cVvU26N7X9TWxl+Jsw7dzAqKT6g==}
    engines: {node: '>=16'}

  ts-algebra@2.0.0:
    resolution: {integrity: sha512-FPAhNPFMrkwz76P7cdjdmiShwMynZYN6SgOujD1urY4oNm80Ou9oMdmbR45LotcKOXoy7wSmHkRFE6Mxbrhefw==}

snapshots:

  '@anthropic-ai/sdk@0.73.0':
    dependencies:
      json-schema-to-ts: 3.1.1

  '@babel/runtime@7.28.6': {}

  dotenv@17.2.4: {}

  json-schema-to-ts@3.1.1:
    dependencies:
      '@babel/runtime': 7.28.6
      ts-algebra: 2.0.0

  ts-algebra@2.0.0: {}
